// !$*UTF8*$!
{
	archiveVersion = 1;
	classes = {
	};
	objectVersion = 46;
	objects = {

/* Begin PBXBuildFile section */
		AB6B9B5B185589BC00574ABE /* Foundation.framework in Frameworks */ = {isa = PBXBuildFile; fileRef = AB6B9B5A185589BC00574ABE /* Foundation.framework */; };
		AB6B9B5D185589BC00574ABE /* CoreGraphics.framework in Frameworks */ = {isa = PBXBuildFile; fileRef = AB6B9B5C185589BC00574ABE /* CoreGraphics.framework */; };
		AB6B9B5F185589BC00574ABE /* UIKit.framework in Frameworks */ = {isa = PBXBuildFile; fileRef = AB6B9B5E185589BC00574ABE /* UIKit.framework */; };
		AB6B9B65185589BC00574ABE /* InfoPlist.strings in Resources */ = {isa = PBXBuildFile; fileRef = AB6B9B63185589BC00574ABE /* InfoPlist.strings */; };
		AB6B9B67185589BC00574ABE /* main.m in Sources */ = {isa = PBXBuildFile; fileRef = AB6B9B66185589BC00574ABE /* main.m */; };
		AB6B9B6B185589BC00574ABE /* AppDelegate.m in Sources */ = {isa = PBXBuildFile; fileRef = AB6B9B6A185589BC00574ABE /* AppDelegate.m */; };
		AB6B9B6E185589BC00574ABE /* Main.storyboard in Resources */ = {isa = PBXBuildFile; fileRef = AB6B9B6C185589BC00574ABE /* Main.storyboard */; };
		AB6B9B71185589BC00574ABE /* FirstViewController.m in Sources */ = {isa = PBXBuildFile; fileRef = AB6B9B70185589BC00574ABE /* FirstViewController.m */; };
		AB6B9B74185589BC00574ABE /* SecondViewController.m in Sources */ = {isa = PBXBuildFile; fileRef = AB6B9B73185589BC00574ABE /* SecondViewController.m */; };
		AB6B9B76185589BC00574ABE /* Images.xcassets in Resources */ = {isa = PBXBuildFile; fileRef = AB6B9B75185589BC00574ABE /* Images.xcassets */; };
		AB6B9B7D185589BC00574ABE /* XCTest.framework in Frameworks */ = {isa = PBXBuildFile; fileRef = AB6B9B7C185589BC00574ABE /* XCTest.framework */; };
		AB6B9B7E185589BC00574ABE /* Foundation.framework in Frameworks */ = {isa = PBXBuildFile; fileRef = AB6B9B5A185589BC00574ABE /* Foundation.framework */; };
		AB6B9B7F185589BC00574ABE /* UIKit.framework in Frameworks */ = {isa = PBXBuildFile; fileRef = AB6B9B5E185589BC00574ABE /* UIKit.framework */; };
		AB6B9B87185589BC00574ABE /* InfoPlist.strings in Resources */ = {isa = PBXBuildFile; fileRef = AB6B9B85185589BC00574ABE /* InfoPlist.strings */; };
		AB6B9B89185589BC00574ABE /* NightdanceITests.m in Sources */ = {isa = PBXBuildFile; fileRef = AB6B9B88185589BC00574ABE /* NightdanceITests.m */; };
/* End PBXBuildFile section */

/* Begin PBXContainerItemProxy section */
		AB6B9B80185589BC00574ABE /* PBXContainerItemProxy */ = {
			isa = PBXContainerItemProxy;
			containerPortal = AB6B9B4F185589BC00574ABE /* Project object */;
			proxyType = 1;
			remoteGlobalIDString = AB6B9B56185589BC00574ABE;
			remoteInfo = NightdanceI;
		};
/* End PBXContainerItemProxy section */

/* Begin PBXFileReference section */
		AB6B9B57185589BC00574ABE /* NightdanceI.app */ = {isa = PBXFileReference; explicitFileType = wrapper.application; includeInIndex = 0; path = NightdanceI.app; sourceTree = BUILT_PRODUCTS_DIR; };
		AB6B9B5A185589BC00574ABE /* Foundation.framework */ = {isa = PBXFileReference; lastKnownFileType = wrapper.framework; name = Foundation.framework; path = System/Library/Frameworks/Foundation.framework; sourceTree = SDKROOT; };
		AB6B9B5C185589BC00574ABE /* CoreGraphics.framework */ = {isa = PBXFileReference; lastKnownFileType = wrapper.framework; name = CoreGraphics.framework; path = System/Library/Frameworks/CoreGraphics.framework; sourceTree = SDKROOT; };
		AB6B9B5E185589BC00574ABE /* UIKit.framework */ = {isa = PBXFileReference; lastKnownFileType = wrapper.framework; name = UIKit.framework; path = System/Library/Frameworks/UIKit.framework; sourceTree = SDKROOT; };
		AB6B9B62185589BC00574ABE /* NightdanceI-Info.plist */ = {isa = PBXFileReference; lastKnownFileType = text.plist.xml; path = "NightdanceI-Info.plist"; sourceTree = "<group>"; };
		AB6B9B64185589BC00574ABE /* en */ = {isa = PBXFileReference; lastKnownFileType = text.plist.strings; name = en; path = en.lproj/InfoPlist.strings; sourceTree = "<group>"; };
		AB6B9B66185589BC00574ABE /* main.m */ = {isa = PBXFileReference; lastKnownFileType = sourcecode.c.objc; path = main.m; sourceTree = "<group>"; };
		AB6B9B68185589BC00574ABE /* NightdanceI-Prefix.pch */ = {isa = PBXFileReference; lastKnownFileType = sourcecode.c.h; path = "NightdanceI-Prefix.pch"; sourceTree = "<group>"; };
		AB6B9B69185589BC00574ABE /* AppDelegate.h */ = {isa = PBXFileReference; lastKnownFileType = sourcecode.c.h; path = AppDelegate.h; sourceTree = "<group>"; };
		AB6B9B6A185589BC00574ABE /* AppDelegate.m */ = {isa = PBXFileReference; lastKnownFileType = sourcecode.c.objc; path = AppDelegate.m; sourceTree = "<group>"; };
		AB6B9B6D185589BC00574ABE /* Base */ = {isa = PBXFileReference; lastKnownFileType = file.storyboard; name = Base; path = Base.lproj/Main.storyboard; sourceTree = "<group>"; };
		AB6B9B6F185589BC00574ABE /* FirstViewController.h */ = {isa = PBXFileReference; lastKnownFileType = sourcecode.c.h; path = FirstViewController.h; sourceTree = "<group>"; };
		AB6B9B70185589BC00574ABE /* FirstViewController.m */ = {isa = PBXFileReference; lastKnownFileType = sourcecode.c.objc; path = FirstViewController.m; sourceTree = "<group>"; };
		AB6B9B72185589BC00574ABE /* SecondViewController.h */ = {isa = PBXFileReference; lastKnownFileType = sourcecode.c.h; path = SecondViewController.h; sourceTree = "<group>"; };
		AB6B9B73185589BC00574ABE /* SecondViewController.m */ = {isa = PBXFileReference; lastKnownFileType = sourcecode.c.objc; path = SecondViewController.m; sourceTree = "<group>"; };
		AB6B9B75185589BC00574ABE /* Images.xcassets */ = {isa = PBXFileReference; lastKnownFileType = folder.assetcatalog; path = Images.xcassets; sourceTree = "<group>"; };
		AB6B9B7B185589BC00574ABE /* NightdanceITests.xctest */ = {isa = PBXFileReference; explicitFileType = wrapper.cfbundle; includeInIndex = 0; path = NightdanceITests.xctest; sourceTree = BUILT_PRODUCTS_DIR; };
		AB6B9B7C185589BC00574ABE /* XCTest.framework */ = {isa = PBXFileReference; lastKnownFileType = wrapper.framework; name = XCTest.framework; path = Library/Frameworks/XCTest.framework; sourceTree = DEVELOPER_DIR; };
		AB6B9B84185589BC00574ABE /* NightdanceITests-Info.plist */ = {isa = PBXFileReference; lastKnownFileType = text.plist.xml; path = "NightdanceITests-Info.plist"; sourceTree = "<group>"; };
		AB6B9B86185589BC00574ABE /* en */ = {isa = PBXFileReference; lastKnownFileType = text.plist.strings; name = en; path = en.lproj/InfoPlist.strings; sourceTree = "<group>"; };
		AB6B9B88185589BC00574ABE /* NightdanceITests.m */ = {isa = PBXFileReference; lastKnownFileType = sourcecode.c.objc; path = NightdanceITests.m; sourceTree = "<group>"; };
/* End PBXFileReference section */

/* Begin PBXFrameworksBuildPhase section */
		AB6B9B54185589BC00574ABE /* Frameworks */ = {
			isa = PBXFrameworksBuildPhase;
			buildActionMask = 2147483647;
			files = (
				AB6B9B5D185589BC00574ABE /* CoreGraphics.framework in Frameworks */,
				AB6B9B5F185589BC00574ABE /* UIKit.framework in Frameworks */,
				AB6B9B5B185589BC00574ABE /* Foundation.framework in Frameworks */,
			);
			runOnlyForDeploymentPostprocessing = 0;
		};
		AB6B9B78185589BC00574ABE /* Frameworks */ = {
			isa = PBXFrameworksBuildPhase;
			buildActionMask = 2147483647;
			files = (
				AB6B9B7D185589BC00574ABE /* XCTest.framework in Frameworks */,
				AB6B9B7F185589BC00574ABE /* UIKit.framework in Frameworks */,
				AB6B9B7E185589BC00574ABE /* Foundation.framework in Frameworks */,
			);
			runOnlyForDeploymentPostprocessing = 0;
		};
/* End PBXFrameworksBuildPhase section */

/* Begin PBXGroup section */
		AB6B9B4E185589BC00574ABE = {
			isa = PBXGroup;
			children = (
				AB6B9B60185589BC00574ABE /* NightdanceI */,
				AB6B9B82185589BC00574ABE /* NightdanceITests */,
				AB6B9B59185589BC00574ABE /* Frameworks */,
				AB6B9B58185589BC00574ABE /* Products */,
			);
			sourceTree = "<group>";
		};
		AB6B9B58185589BC00574ABE /* Products */ = {
			isa = PBXGroup;
			children = (
				AB6B9B57185589BC00574ABE /* NightdanceI.app */,
				AB6B9B7B185589BC00574ABE /* NightdanceITests.xctest */,
			);
			name = Products;
			sourceTree = "<group>";
		};
		AB6B9B59185589BC00574ABE /* Frameworks */ = {
			isa = PBXGroup;
			children = (
				AB6B9B5A185589BC00574ABE /* Foundation.framework */,
				AB6B9B5C185589BC00574ABE /* CoreGraphics.framework */,
				AB6B9B5E185589BC00574ABE /* UIKit.framework */,
				AB6B9B7C185589BC00574ABE /* XCTest.framework */,
			);
			name = Frameworks;
			sourceTree = "<group>";
		};
		AB6B9B60185589BC00574ABE /* NightdanceI */ = {
			isa = PBXGroup;
			children = (
				AB6B9B69185589BC00574ABE /* AppDelegate.h */,
				AB6B9B6A185589BC00574ABE /* AppDelegate.m */,
				AB6B9B6C185589BC00574ABE /* Main.storyboard */,
				AB6B9B6F185589BC00574ABE /* FirstViewController.h */,
				AB6B9B70185589BC00574ABE /* FirstViewController.m */,
				AB6B9B72185589BC00574ABE /* SecondViewController.h */,
				AB6B9B73185589BC00574ABE /* SecondViewController.m */,
				AB6B9B75185589BC00574ABE /* Images.xcassets */,
				AB6B9B61185589BC00574ABE /* Supporting Files */,
			);
			path = NightdanceI;
			sourceTree = "<group>";
		};
		AB6B9B61185589BC00574ABE /* Supporting Files */ = {
			isa = PBXGroup;
			children = (
				AB6B9B62185589BC00574ABE /* NightdanceI-Info.plist */,
				AB6B9B63185589BC00574ABE /* InfoPlist.strings */,
				AB6B9B66185589BC00574ABE /* main.m */,
				AB6B9B68185589BC00574ABE /* NightdanceI-Prefix.pch */,
			);
			name = "Supporting Files";
			sourceTree = "<group>";
		};
		AB6B9B82185589BC00574ABE /* NightdanceITests */ = {
			isa = PBXGroup;
			children = (
				AB6B9B88185589BC00574ABE /* NightdanceITests.m */,
				AB6B9B83185589BC00574ABE /* Supporting Files */,
			);
			path = NightdanceITests;
			sourceTree = "<group>";
		};
		AB6B9B83185589BC00574ABE /* Supporting Files */ = {
			isa = PBXGroup;
			children = (
				AB6B9B84185589BC00574ABE /* NightdanceITests-Info.plist */,
				AB6B9B85185589BC00574ABE /* InfoPlist.strings */,
			);
			name = "Supporting Files";
			sourceTree = "<group>";
		};
/* End PBXGroup section */

/* Begin PBXNativeTarget section */
		AB6B9B56185589BC00574ABE /* NightdanceI */ = {
			isa = PBXNativeTarget;
			buildConfigurationList = AB6B9B8C185589BC00574ABE /* Build configuration list for PBXNativeTarget "NightdanceI" */;
			buildPhases = (
				AB6B9B53185589BC00574ABE /* Sources */,
				AB6B9B54185589BC00574ABE /* Frameworks */,
				AB6B9B55185589BC00574ABE /* Resources */,
			);
			buildRules = (
			);
			dependencies = (
			);
			name = NightdanceI;
			productName = NightdanceI;
			productReference = AB6B9B57185589BC00574ABE /* NightdanceI.app */;
			productType = "com.apple.product-type.application";
		};
		AB6B9B7A185589BC00574ABE /* NightdanceITests */ = {
			isa = PBXNativeTarget;
			buildConfigurationList = AB6B9B8F185589BC00574ABE /* Build configuration list for PBXNativeTarget "NightdanceITests" */;
			buildPhases = (
				AB6B9B77185589BC00574ABE /* Sources */,
				AB6B9B78185589BC00574ABE /* Frameworks */,
				AB6B9B79185589BC00574ABE /* Resources */,
			);
			buildRules = (
			);
			dependencies = (
				AB6B9B81185589BC00574ABE /* PBXTargetDependency */,
			);
			name = NightdanceITests;
			productName = NightdanceITests;
			productReference = AB6B9B7B185589BC00574ABE /* NightdanceITests.xctest */;
			productType = "com.apple.product-type.bundle.unit-test";
		};
/* End PBXNativeTarget section */

/* Begin PBXProject section */
		AB6B9B4F185589BC00574ABE /* Project object */ = {
			isa = PBXProject;
			attributes = {
				LastUpgradeCheck = 0500;
				ORGANIZATIONNAME = "Lee Samgu";
				TargetAttributes = {
					AB6B9B7A185589BC00574ABE = {
						TestTargetID = AB6B9B56185589BC00574ABE;
					};
				};
			};
			buildConfigurationList = AB6B9B52185589BC00574ABE /* Build configuration list for PBXProject "NightdanceI" */;
			compatibilityVersion = "Xcode 3.2";
			developmentRegion = English;
			hasScannedForEncodings = 0;
			knownRegions = (
				en,
				Base,
			);
			mainGroup = AB6B9B4E185589BC00574ABE;
			productRefGroup = AB6B9B58185589BC00574ABE /* Products */;
			projectDirPath = "";
			projectRoot = "";
			targets = (
				AB6B9B56185589BC00574ABE /* NightdanceI */,
				AB6B9B7A185589BC00574ABE /* NightdanceITests */,
			);
		};
/* End PBXProject section */

/* Begin PBXResourcesBuildPhase section */
		AB6B9B55185589BC00574ABE /* Resources */ = {
			isa = PBXResourcesBuildPhase;
			buildActionMask = 2147483647;
			files = (
				AB6B9B76185589BC00574ABE /* Images.xcassets in Resources */,
				AB6B9B65185589BC00574ABE /* InfoPlist.strings in Resources */,
				AB6B9B6E185589BC00574ABE /* Main.storyboard in Resources */,
			);
			runOnlyForDeploymentPostprocessing = 0;
		};
		AB6B9B79185589BC00574ABE /* Resources */ = {
			isa = PBXResourcesBuildPhase;
			buildActionMask = 2147483647;
			files = (
				AB6B9B87185589BC00574ABE /* InfoPlist.strings in Resources */,
			);
			runOnlyForDeploymentPostprocessing = 0;
		};
/* End PBXResourcesBuildPhase section */

/* Begin PBXSourcesBuildPhase section */
		AB6B9B53185589BC00574ABE /* Sources */ = {
			isa = PBXSourcesBuildPhase;
			buildActionMask = 2147483647;
			files = (
				AB6B9B74185589BC00574ABE /* SecondViewController.m in Sources */,
				AB6B9B6B185589BC00574ABE /* AppDelegate.m in Sources */,
				AB6B9B71185589BC00574ABE /* FirstViewController.m in Sources */,
				AB6B9B67185589BC00574ABE /* main.m in Sources */,
			);
			runOnlyForDeploymentPostprocessing = 0;
		};
		AB6B9B77185589BC00574ABE /* Sources */ = {
			isa = PBXSourcesBuildPhase;
			buildActionMask = 2147483647;
			files = (
				AB6B9B89185589BC00574ABE /* NightdanceITests.m in Sources */,
			);
			runOnlyForDeploymentPostprocessing = 0;
		};
/* End PBXSourcesBuildPhase section */

/* Begin PBXTargetDependency section */
		AB6B9B81185589BC00574ABE /* PBXTargetDependency */ = {
			isa = PBXTargetDependency;
			target = AB6B9B56185589BC00574ABE /* NightdanceI */;
			targetProxy = AB6B9B80185589BC00574ABE /* PBXContainerItemProxy */;
		};
/* End PBXTargetDependency section */

/* Begin PBXVariantGroup section */
		AB6B9B63185589BC00574ABE /* InfoPlist.strings */ = {
			isa = PBXVariantGroup;
			children = (
				AB6B9B64185589BC00574ABE /* en */,
			);
			name = InfoPlist.strings;
			sourceTree = "<group>";
		};
		AB6B9B6C185589BC00574ABE /* Main.storyboard */ = {
			isa = PBXVariantGroup;
			children = (
				AB6B9B6D185589BC00574ABE /* Base */,
			);
			name = Main.storyboard;
			sourceTree = "<group>";
		};
		AB6B9B85185589BC00574ABE /* InfoPlist.strings */ = {
			isa = PBXVariantGroup;
			children = (
				AB6B9B86185589BC00574ABE /* en */,
			);
			name = InfoPlist.strings;
			sourceTree = "<group>";
		};
/* End PBXVariantGroup section */

/* Begin XCBuildConfiguration section */
		AB6B9B8A185589BC00574ABE /* Debug */ = {
			isa = XCBuildConfiguration;
			buildSettings = {
				ALWAYS_SEARCH_USER_PATHS = NO;
				ARCHS = "$(ARCHS_STANDARD_INCLUDING_64_BIT)";
				CLANG_CXX_LANGUAGE_STANDARD = "gnu++0x";
				CLANG_CXX_LIBRARY = "libc++";
				CLANG_ENABLE_MODULES = YES;
				CLANG_ENABLE_OBJC_ARC = YES;
				CLANG_WARN_BOOL_CONVERSION = YES;
				CLANG_WARN_CONSTANT_CONVERSION = YES;
				CLANG_WARN_DIRECT_OBJC_ISA_USAGE = YES_ERROR;
				CLANG_WARN_EMPTY_BODY = YES;
				CLANG_WARN_ENUM_CONVERSION = YES;
				CLANG_WARN_INT_CONVERSION = YES;
				CLANG_WARN_OBJC_ROOT_CLASS = YES_ERROR;
				CLANG_WARN__DUPLICATE_METHOD_MATCH = YES;
				"CODE_SIGN_IDENTITY[sdk=iphoneos*]" = "iPhone Developer";
				COPY_PHASE_STRIP = NO;
				GCC_C_LANGUAGE_STANDARD = gnu99;
				GCC_DYNAMIC_NO_PIC = NO;
				GCC_OPTIMIZATION_LEVEL = 0;
				GCC_PREPROCESSOR_DEFINITIONS = (
					"DEBUG=1",
					"$(inherited)",
				);
				GCC_SYMBOLS_PRIVATE_EXTERN = NO;
				GCC_WARN_64_TO_32_BIT_CONVERSION = YES;
				GCC_WARN_ABOUT_RETURN_TYPE = YES_ERROR;
				GCC_WARN_UNDECLARED_SELECTOR = YES;
				GCC_WARN_UNINITIALIZED_AUTOS = YES;
				GCC_WARN_UNUSED_FUNCTION = YES;
				GCC_WARN_UNUSED_VARIABLE = YES;
				IPHONEOS_DEPLOYMENT_TARGET = 7.0;
				ONLY_ACTIVE_ARCH = YES;
				SDKROOT = iphoneos;
			};
			name = Debug;
		};
		AB6B9B8B185589BC00574ABE /* Release */ = {
			isa = XCBuildConfiguration;
			buildSettings = {
				ALWAYS_SEARCH_USER_PATHS = NO;
				ARCHS = "$(ARCHS_STANDARD_INCLUDING_64_BIT)";
				CLANG_CXX_LANGUAGE_STANDARD = "gnu++0x";
				CLANG_CXX_LIBRARY = "libc++";
				CLANG_ENABLE_MODULES = YES;
				CLANG_ENABLE_OBJC_ARC = YES;
				CLANG_WARN_BOOL_CONVERSION = YES;
				CLANG_WARN_CONSTANT_CONVERSION = YES;
				CLANG_WARN_DIRECT_OBJC_ISA_USAGE = YES_ERROR;
				CLANG_WARN_EMPTY_BODY = YES;
				CLANG_WARN_ENUM_CONVERSION = YES;
				CLANG_WARN_INT_CONVERSION = YES;
				CLANG_WARN_OBJC_ROOT_CLASS = YES_ERROR;
				CLANG_WARN__DUPLICATE_METHOD_MATCH = YES;
				"CODE_SIGN_IDENTITY[sdk=iphoneos*]" = "iPhone Developer";
				COPY_PHASE_STRIP = YES;
				ENABLE_NS_ASSERTIONS = NO;
				GCC_C_LANGUAGE_STANDARD = gnu99;
				GCC_WARN_64_TO_32_BIT_CONVERSION = YES;
				GCC_WARN_ABOUT_RETURN_TYPE = YES_ERROR;
				GCC_WARN_UNDECLARED_SELECTOR = YES;
				GCC_WARN_UNINITIALIZED_AUTOS = YES;
				GCC_WARN_UNUSED_FUNCTION = YES;
				GCC_WARN_UNUSED_VARIABLE = YES;
				IPHONEOS_DEPLOYMENT_TARGET = 7.0;
				SDKROOT = iphoneos;
				VALIDATE_PRODUCT = YES;
			};
			name = Release;
		};
		AB6B9B8D185589BC00574ABE /* Debug */ = {
			isa = XCBuildConfiguration;
			buildSettings = {
				ASSETCATALOG_COMPILER_APPICON_NAME = AppIcon;
				ASSETCATALOG_COMPILER_LAUNCHIMAGE_NAME = LaunchImage;
				GCC_PRECOMPILE_PREFIX_HEADER = YES;
				GCC_PREFIX_HEADER = "NightdanceI/NightdanceI-Prefix.pch";
				INFOPLIST_FILE = "NightdanceI/NightdanceI-Info.plist";
				PRODUCT_NAME = "$(TARGET_NAME)";
				WRAPPER_EXTENSION = app;
			};
			name = Debug;
		};
		AB6B9B8E185589BC00574ABE /* Release */ = {
			isa = XCBuildConfiguration;
			buildSettings = {
				ASSETCATALOG_COMPILER_APPICON_NAME = AppIcon;
				ASSETCATALOG_COMPILER_LAUNCHIMAGE_NAME = LaunchImage;
				GCC_PRECOMPILE_PREFIX_HEADER = YES;
				GCC_PREFIX_HEADER = "NightdanceI/NightdanceI-Prefix.pch";
				INFOPLIST_FILE = "NightdanceI/NightdanceI-Info.plist";
				PRODUCT_NAME = "$(TARGET_NAME)";
				WRAPPER_EXTENSION = app;
			};
			name = Release;
		};
		AB6B9B90185589BC00574ABE /* Debug */ = {
			isa = XCBuildConfiguration;
			buildSettings = {
				ARCHS = "$(ARCHS_STANDARD_INCLUDING_64_BIT)";
				BUNDLE_LOADER = "$(BUILT_PRODUCTS_DIR)/NightdanceI.app/NightdanceI";
				FRAMEWORK_SEARCH_PATHS = (
					"$(SDKROOT)/Developer/Library/Frameworks",
					"$(inherited)",
					"$(DEVELOPER_FRAMEWORKS_DIR)",
				);
				GCC_PRECOMPILE_PREFIX_HEADER = YES;
				GCC_PREFIX_HEADER = "NightdanceI/NightdanceI-Prefix.pch";
				GCC_PREPROCESSOR_DEFINITIONS = (
					"DEBUG=1",
					"$(inherited)",
				);
				INFOPLIST_FILE = "NightdanceITests/NightdanceITests-Info.plist";
				PRODUCT_NAME = "$(TARGET_NAME)";
				TEST_HOST = "$(BUNDLE_LOADER)";
				WRAPPER_EXTENSION = xctest;
			};
			name = Debug;
		};
		AB6B9B91185589BC00574ABE /* Release */ = {
			isa = XCBuildConfiguration;
			buildSettings = {
				ARCHS = "$(ARCHS_STANDARD_INCLUDING_64_BIT)";
				BUNDLE_LOADER = "$(BUILT_PRODUCTS_DIR)/NightdanceI.app/NightdanceI";
				FRAMEWORK_SEARCH_PATHS = (
					"$(SDKROOT)/Developer/Library/Frameworks",
					"$(inherited)",
					"$(DEVELOPER_FRAMEWORKS_DIR)",
				);
				GCC_PRECOMPILE_PREFIX_HEADER = YES;
				GCC_PREFIX_HEADER = "NightdanceI/NightdanceI-Prefix.pch";
				INFOPLIST_FILE = "NightdanceITests/NightdanceITests-Info.plist";
				PRODUCT_NAME = "$(TARGET_NAME)";
				TEST_HOST = "$(BUNDLE_LOADER)";
				WRAPPER_EXTENSION = xctest;
			};
			name = Release;
		};
/* End XCBuildConfiguration section */

/* Begin XCConfigurationList section */
		AB6B9B52185589BC00574ABE /* Build configuration list for PBXProject "NightdanceI" */ = {
			isa = XCConfigurationList;
			buildConfigurations = (
				AB6B9B8A185589BC00574ABE /* Debug */,
				AB6B9B8B185589BC00574ABE /* Release */,
			);
			defaultConfigurationIsVisible = 0;
			defaultConfigurationName = Release;
		};
		AB6B9B8C185589BC00574ABE /* Build configuration list for PBXNativeTarget "NightdanceI" */ = {
			isa = XCConfigurationList;
			buildConfigurations = (
				AB6B9B8D185589BC00574ABE /* Debug */,
				AB6B9B8E185589BC00574ABE /* Release */,
			);
			defaultConfigurationIsVisible = 0;
		};
		AB6B9B8F185589BC00574ABE /* Build configuration list for PBXNativeTarget "NightdanceITests" */ = {
			isa = XCConfigurationList;
			buildConfigurations = (
				AB6B9B90185589BC00574ABE /* Debug */,
				AB6B9B91185589BC00574ABE /* Release */,
			);
			defaultConfigurationIsVisible = 0;
		};
/* End XCConfigurationList section */
	};
	rootObject = AB6B9B4F185589BC00574ABE /* Project object */;
}
